<?xml version="1.0" encoding="utf-8"?>
<Project ToolsVersion="4.0" xmlns="http://schemas.microsoft.com/developer/msbuild/2003">
  <ItemGroup>
    <Filter Include="소스 파일">
      <UniqueIdentifier>{4FC737F1-C7A5-4376-A066-2A32D752A2FF}</UniqueIdentifier>
      <Extensions>cpp;c;cc;cxx;def;odl;idl;hpj;bat;asm;asmx</Extensions>
    </Filter>
    <Filter Include="헤더 파일">
      <UniqueIdentifier>{93995380-89BD-4b04-88EB-625FBE52EBFB}</UniqueIdentifier>
      <Extensions>h;hh;hpp;hxx;hm;inl;inc;ipp;xsd</Extensions>
    </Filter>
    <Filter Include="리소스 파일">
      <UniqueIdentifier>{67DA6AB6-F800-4c08-8B7A-83BB121AAD01}</UniqueIdentifier>
      <Extensions>rc;ico;cur;bmp;dlg;rc2;rct;bin;rgs;gif;jpg;jpeg;jpe;resx;tiff;tif;png;wav;mfcribbon-ms</Extensions>
    </Filter>
    <Filter Include="소스 파일\data">
      <UniqueIdentifier>{58f7782a-9e7d-428e-9e0e-bcf08033698e}</UniqueIdentifier>
    </Filter>
    <Filter Include="헤더 파일\data">
      <UniqueIdentifier>{82e7aaf9-ecba-4026-9ad8-ef8b8695b103}</UniqueIdentifier>
    </Filter>
  </ItemGroup>
  <ItemGroup>
    <ClCompile Include="Source\analyzer.cpp">
      <Filter>소스 파일</Filter>
    </ClCompile>
    <ClCompile Include="Source\fileManager.cpp">
      <Filter>소스 파일</Filter>
    </ClCompile>
    <ClCompile Include="Source\imageHandler.cpp">
      <Filter>소스 파일</Filter>
    </ClCompile>
    <ClCompile Include="Source\main.cpp">
      <Filter>소스 파일</Filter>
    </ClCompile>
    <ClCompile Include="Source\testClass.cpp">
      <Filter>소스 파일</Filter>
    </ClCompile>
    <ClCompile Include="Source\videoHandler.cpp">
      <Filter>소스 파일</Filter>
    </ClCompile>
    <ClCompile Include="Source\loger.cpp">
      <Filter>소스 파일</Filter>
    </ClCompile>
    <ClCompile Include="Source\videoAnalyzer.cpp">
      <Filter>소스 파일</Filter>
    </ClCompile>
    <ClCompile Include="Source\Line.cpp">
      <Filter>소스 파일\data</Filter>
    </ClCompile>
    <ClCompile Include="Source\Word.cpp">
      <Filter>소스 파일\data</Filter>
    </ClCompile>
    <ClCompile Include="Source\Json.cpp">
      <Filter>소스 파일</Filter>
    </ClCompile>
    <ClCompile Include="Source\Lyric.cpp">
      <Filter>소스 파일\data</Filter>
    </ClCompile>
    <ClCompile Include="Source\MVInformation.cpp">
      <Filter>소스 파일</Filter>
    </ClCompile>
    <ClCompile Include="Source\LineInfoFinder.cpp">
      <Filter>소스 파일</Filter>
    </ClCompile>
    <ClCompile Include="Source\OCRHandler.cpp">
      <Filter>소스 파일</Filter>
    </ClCompile>
    <ClCompile Include="Source\PeakFinder.cpp">
      <Filter>소스 파일</Filter>
    </ClCompile>
    <ClCompile Include="Source\LineFinder.cpp">
      <Filter>헤더 파일</Filter>
    </ClCompile>
  </ItemGroup>
  <ItemGroup>
    <Text Include="Memo.txt" />
    <Text Include="Info.txt" />
  </ItemGroup>
  <ItemGroup>
    <ClInclude Include="Source\analyzer.h">
      <Filter>헤더 파일</Filter>
    </ClInclude>
    <ClInclude Include="Source\defines.h">
      <Filter>헤더 파일</Filter>
    </ClInclude>
    <ClInclude Include="Source\fileManager.h">
      <Filter>헤더 파일</Filter>
    </ClInclude>
    <ClInclude Include="Source\imageHandler.h">
      <Filter>헤더 파일</Filter>
    </ClInclude>
    <ClInclude Include="Source\testClass.h">
      <Filter>헤더 파일</Filter>
    </ClInclude>
    <ClInclude Include="Source\videoHandler.h">
      <Filter>헤더 파일</Filter>
    </ClInclude>
    <ClInclude Include="Source\loger.h">
      <Filter>헤더 파일</Filter>
    </ClInclude>
    <ClInclude Include="Source\videoAnalyzer.h">
      <Filter>헤더 파일</Filter>
    </ClInclude>
    <ClInclude Include="Source\Line.h">
      <Filter>헤더 파일\data</Filter>
    </ClInclude>
    <ClInclude Include="Source\Word.h">
      <Filter>헤더 파일\data</Filter>
    </ClInclude>
    <ClInclude Include="Source\Json.h">
      <Filter>헤더 파일</Filter>
    </ClInclude>
    <ClInclude Include="Source\Lyric.h">
      <Filter>헤더 파일\data</Filter>
    </ClInclude>
    <ClInclude Include="Source\MVInformation.h">
      <Filter>헤더 파일</Filter>
    </ClInclude>
    <ClInclude Include="Source\LineInfoFinder.h">
      <Filter>헤더 파일</Filter>
    </ClInclude>
    <ClInclude Include="Source\OCRHandler.h">
      <Filter>헤더 파일</Filter>
    </ClInclude>
    <ClInclude Include="Source\PeakFinder.h">
      <Filter>헤더 파일</Filter>
    </ClInclude>
    <ClInclude Include="Source\LineFinder.h">
      <Filter>헤더 파일</Filter>
    </ClInclude>
  </ItemGroup>
  <ItemGroup>
    <None Include="ML\deblur.py">
      <Filter>리소스 파일</Filter>
    </None>
  </ItemGroup>
</Project>